
Microsoft Visual Studio Solution File, Format Version 12.00
# Visual Studio Version 16
VisualStudioVersion = 16.0.29411.108
MinimumVisualStudioVersion = 10.0.40219.1
Project("{FAE04EC0-301F-11D3-BF4B-00C04F79EFBC}") = "MaurerRose", "MaurerRose\MaurerRose.csproj", "{AF93AA6F-0343-4BE4-9129-7E9CAC69E601}"
EndProject
Global
	GlobalSection(SolutionConfigurationPlatforms) = preSolution
		Debug|Any CPU = Debug|Any CPU
		Release|Any CPU = Release|Any CPU
	EndGlobalSection
	GlobalSection(ProjectConfigurationPlatforms) = postSolution
		{AF93AA6F-0343-4BE4-9129-7E9CAC69E601}.Debug|Any CPU.ActiveCfg = Debug|Any CPU
		{AF93AA6F-0343-4BE4-9129-7E9CAC69E601}.Debug|Any CPU.Build.0 = Debug|Any CPU
		{AF93AA6F-0343-4BE4-9129-7E9CAC69E601}.Release|Any CPU.ActiveCfg = Release|Any CPU
		{AF93AA6F-0343-4BE4-9129-7E9CAC69E601}.Release|Any CPU.Build.0 = Release|Any CPU
	EndGlobalSection
	GlobalSection(SolutionProperties) = preSolution
		HideSolutionNode = FALSE
	EndGlobalSection
	GlobalSection(ExtensibilityGlobals) = postSolution
		SolutionGuid = {A3503EF9-10B9-4723-A2BD-4BA19D17A646}
	EndGlobalSection
EndGlobal
